
Microsoft Visual Studio Solution File, Format Version 12.00
# Visual Studio Version 16
VisualStudioVersion = 16.0.30907.101
MinimumVisualStudioVersion = 10.0.40219.1
Project("{9A19103F-16F7-4668-BE54-9A1E7A4F7556}") = "RabbitMQ-MassTransit", "RabbitMQ-MassTransit\RabbitMQ-MassTransit.csproj", "{59105B03-8AD1-4FEE-9298-41DB519892D2}"
EndProject
Project("{FAE04EC0-301F-11D3-BF4B-00C04F79EFBC}") = "Publisher.Api", "Publisher.Api\Publisher.Api.csproj", "{4ED73BC6-22CB-4AA2-B5B4-09D53BBEC731}"
EndProject
Global
	GlobalSection(SolutionConfigurationPlatforms) = preSolution
		Debug|Any CPU = Debug|Any CPU
		Release|Any CPU = Release|Any CPU
	EndGlobalSection
	GlobalSection(ProjectConfigurationPlatforms) = postSolution
		{59105B03-8AD1-4FEE-9298-41DB519892D2}.Debug|Any CPU.ActiveCfg = Debug|Any CPU
		{59105B03-8AD1-4FEE-9298-41DB519892D2}.Debug|Any CPU.Build.0 = Debug|Any CPU
		{59105B03-8AD1-4FEE-9298-41DB519892D2}.Release|Any CPU.ActiveCfg = Release|Any CPU
		{59105B03-8AD1-4FEE-9298-41DB519892D2}.Release|Any CPU.Build.0 = Release|Any CPU
		{4ED73BC6-22CB-4AA2-B5B4-09D53BBEC731}.Debug|Any CPU.ActiveCfg = Debug|Any CPU
		{4ED73BC6-22CB-4AA2-B5B4-09D53BBEC731}.Debug|Any CPU.Build.0 = Debug|Any CPU
		{4ED73BC6-22CB-4AA2-B5B4-09D53BBEC731}.Release|Any CPU.ActiveCfg = Release|Any CPU
		{4ED73BC6-22CB-4AA2-B5B4-09D53BBEC731}.Release|Any CPU.Build.0 = Release|Any CPU
	EndGlobalSection
	GlobalSection(SolutionProperties) = preSolution
		HideSolutionNode = FALSE
	EndGlobalSection
	GlobalSection(ExtensibilityGlobals) = postSolution
		SolutionGuid = {5FB92E4A-0094-422B-A25E-A4055B70C1D5}
	EndGlobalSection
EndGlobal
